{
  "name": "@toolbox-sdk/server",
  "version": "1.0.0",
  "lockfileVersion": 3,
  "requires": true,
  "packages": {
    "": {
      "name": "@toolbox-sdk/server",
      "version": "1.0.0",
      "license": "Apache-2.0",
      "bin": {
        "toolbox": "bin/run.js"
      },
      "optionalDependencies": {
        "@toolbox-sdk/server-darwin-arm64": "1.0.0",
        "@toolbox-sdk/server-darwin-x64": "1.0.0",
        "@toolbox-sdk/server-linux-x64": "1.0.0",
        "@toolbox-sdk/server-win32-x64": "1.0.0"
      }
    },
    "node_modules/@toolbox-sdk/server-darwin-arm64": {
      "version": "1.0.0",
      "resolved": "https://registry.npmjs.org/@toolbox-sdk/server-darwin-arm64/-/server-darwin-arm64-1.0.0.tgz",
      "integrity": "sha512-EnztoP/iB4uvZVgoouV+px5saQsTf3aCv8sW3HDqZL9JcN+H2EB9ZXn1nRqqe2hSjbAAbHRx/Ph1INmMNQDujA==",
      "cpu": [
        "arm64"
      ],
      "license": "Apache-2.0",
      "optional": true,
      "os": [
        "darwin"
      ]
    },
    "node_modules/@toolbox-sdk/server-darwin-x64": {
      "version": "1.0.0",
      "resolved": "https://registry.npmjs.org/@toolbox-sdk/server-darwin-x64/-/server-darwin-x64-1.0.0.tgz",
      "integrity": "sha512-LkAdNVo9LIw/Aa96jkNKswZthAP80P9et9J7ACk2N4p0cj1BOEd4svRNQTuI+Pmo2go1rO0jHP7K0QSDRwGnNQ==",
      "cpu": [
        "x64"
      ],
      "license": "Apache-2.0",
      "optional": true,
      "os": [
        "darwin"
      ]
    },
    "node_modules/@toolbox-sdk/server-linux-x64": {
      "version": "1.0.0",
      "resolved": "https://registry.npmjs.org/@toolbox-sdk/server-linux-x64/-/server-linux-x64-1.0.0.tgz",
      "integrity": "sha512-2tVfxu9jaURCx84Ng/bNXLrZtZH1GXEjDGBRTjQutzu+URZ5qhpvbgZ9LCErcViLjR5VO80XGMBO7cre0RAfBQ==",
      "cpu": [
        "x64"
      ],
      "license": "Apache-2.0",
      "optional": true,
      "os": [
        "linux"
      ]
    },
    "node_modules/@toolbox-sdk/server-win32-x64": {
      "version": "1.0.0",
      "resolved": "https://registry.npmjs.org/@toolbox-sdk/server-win32-x64/-/server-win32-x64-1.0.0.tgz",
      "integrity": "sha512-SKywJqhdzDjRoKE61Fuyp2Hur6wb0NA0JctCYVWTO43AK0KOA9hObE8QOo6GBijinSS3aFvjFzo1HFgRrdM16A==",
      "cpu": [
        "x64"
      ],
      "license": "Apache-2.0",
      "optional": true,
      "os": [
        "win32"
      ]
    }
  }
}
