{
  "name": "@toolbox-sdk/server",
  "version": "0.22.0",
  "lockfileVersion": 3,
  "requires": true,
  "packages": {
    "": {
      "name": "@toolbox-sdk/server",
      "version": "0.22.0",
      "bin": {
        "toolbox": "bin/run.js"
      },
      "optionalDependencies": {
        "@toolbox-sdk/server-darwin-arm64": "0.22.0",
        "@toolbox-sdk/server-darwin-x64": "0.22.0",
        "@toolbox-sdk/server-linux-x64": "0.22.0",
        "@toolbox-sdk/server-win32-x64": "0.22.0"
      }
    },
    "node_modules/@toolbox-sdk/server-darwin-arm64": {
      "version": "0.22.0",
      "resolved": "https://registry.npmjs.org/@toolbox-sdk/server-darwin-arm64/-/server-darwin-arm64-0.22.0.tgz",
      "integrity": "sha512-9c/z5dNQfFiZS6pV5/Bv7qID9fH+6I+h3JskbgjyL/ELC2oETjwv1/0bYGK5oMn/tQCjG1lqfbd5pe3A5rFjLg==",
      "cpu": [
        "arm64"
      ],
      "optional": true,
      "os": [
        "darwin"
      ]
    },
    "node_modules/@toolbox-sdk/server-darwin-x64": {
      "version": "0.22.0",
      "resolved": "https://registry.npmjs.org/@toolbox-sdk/server-darwin-x64/-/server-darwin-x64-0.22.0.tgz",
      "integrity": "sha512-O054tGajQEuRwmpVwjjqNiY/pJ+NEbBnYwaQ5L0xtP5aP822PaqskZeOJyk98NFIRVMK5OeturcZQyod+rpSIQ==",
      "cpu": [
        "x64"
      ],
      "optional": true,
      "os": [
        "darwin"
      ]
    },
    "node_modules/@toolbox-sdk/server-linux-x64": {
      "version": "0.22.0",
      "resolved": "https://registry.npmjs.org/@toolbox-sdk/server-linux-x64/-/server-linux-x64-0.22.0.tgz",
      "integrity": "sha512-3MtmDhK65A6PhCczPdGsSrdcznnOM6GSvsYitlDVXz84aJNPRnmv5X7stTBZPoe2ijgthkcMdA0ZGRt1RKRd5w==",
      "cpu": [
        "x64"
      ],
      "optional": true,
      "os": [
        "linux"
      ]
    },
    "node_modules/@toolbox-sdk/server-win32-x64": {
      "version": "0.22.0",
      "resolved": "https://registry.npmjs.org/@toolbox-sdk/server-win32-x64/-/server-win32-x64-0.22.0.tgz",
      "integrity": "sha512-QC65aRA+SXVJyjO2842Ur/762YtYf3is+2FOhwOmYZjc2XV46aGFRlqMm6rQ0Y9YxziF9FlK3YXSvBG2SK3zvQ==",
      "cpu": [
        "x64"
      ],
      "optional": true,
      "os": [
        "win32"
      ]
    }
  }
}
